
Microsoft Visual Studio Solution File, Format Version 12.00
# Visual Studio Version 17
VisualStudioVersion = 17.11.35208.52
MinimumVisualStudioVersion = 10.0.40219.1
Project("{9A19103F-16F7-4668-BE54-9A1E7A4F7556}") = "BiblioWeb", "BiblioWeb\BiblioWeb.csproj", "{955C45D6-6A8F-4D50-85F2-85CAF527AFC1}"
EndProject
Project("{9A19103F-16F7-4668-BE54-9A1E7A4F7556}") = "BiblioApi", "BiblioApi\BiblioApi.csproj", "{FE2E2744-1A19-4041-855D-65F50929D2F6}"
EndProject
Project("{9A19103F-16F7-4668-BE54-9A1E7A4F7556}") = "AuthApi", "AuthApi\AuthApi.csproj", "{75357BB6-4441-4193-9D1B-1E7519BC3F15}"
EndProject
Project("{9A19103F-16F7-4668-BE54-9A1E7A4F7556}") = "BiblioContext", "BiblioContext\BiblioContext.csproj", "{E5DB4806-E455-4842-9DF4-A8E5B33799A6}"
EndProject
Project("{9A19103F-16F7-4668-BE54-9A1E7A4F7556}") = "AuthAppLib", "..\BryushkovI\Notebook\AuthAppLib\AuthAppLib.csproj", "{2D64BCD3-E59C-4676-93D1-E10750865ACF}"
EndProject
Project("{FAE04EC0-301F-11D3-BF4B-00C04F79EFBC}") = "DataProvider", "DataProvider\DataProvider.csproj", "{085269C3-6AA4-4EA3-BCDE-533AA10A4E20}"
EndProject
Global
	GlobalSection(SolutionConfigurationPlatforms) = preSolution
		Debug|Any CPU = Debug|Any CPU
		Release|Any CPU = Release|Any CPU
	EndGlobalSection
	GlobalSection(ProjectConfigurationPlatforms) = postSolution
		{955C45D6-6A8F-4D50-85F2-85CAF527AFC1}.Debug|Any CPU.ActiveCfg = Debug|Any CPU
		{955C45D6-6A8F-4D50-85F2-85CAF527AFC1}.Debug|Any CPU.Build.0 = Debug|Any CPU
		{955C45D6-6A8F-4D50-85F2-85CAF527AFC1}.Release|Any CPU.ActiveCfg = Release|Any CPU
		{955C45D6-6A8F-4D50-85F2-85CAF527AFC1}.Release|Any CPU.Build.0 = Release|Any CPU
		{FE2E2744-1A19-4041-855D-65F50929D2F6}.Debug|Any CPU.ActiveCfg = Debug|Any CPU
		{FE2E2744-1A19-4041-855D-65F50929D2F6}.Debug|Any CPU.Build.0 = Debug|Any CPU
		{FE2E2744-1A19-4041-855D-65F50929D2F6}.Release|Any CPU.ActiveCfg = Release|Any CPU
		{FE2E2744-1A19-4041-855D-65F50929D2F6}.Release|Any CPU.Build.0 = Release|Any CPU
		{75357BB6-4441-4193-9D1B-1E7519BC3F15}.Debug|Any CPU.ActiveCfg = Debug|Any CPU
		{75357BB6-4441-4193-9D1B-1E7519BC3F15}.Debug|Any CPU.Build.0 = Debug|Any CPU
		{75357BB6-4441-4193-9D1B-1E7519BC3F15}.Release|Any CPU.ActiveCfg = Release|Any CPU
		{75357BB6-4441-4193-9D1B-1E7519BC3F15}.Release|Any CPU.Build.0 = Release|Any CPU
		{E5DB4806-E455-4842-9DF4-A8E5B33799A6}.Debug|Any CPU.ActiveCfg = Debug|Any CPU
		{E5DB4806-E455-4842-9DF4-A8E5B33799A6}.Debug|Any CPU.Build.0 = Debug|Any CPU
		{E5DB4806-E455-4842-9DF4-A8E5B33799A6}.Release|Any CPU.ActiveCfg = Release|Any CPU
		{E5DB4806-E455-4842-9DF4-A8E5B33799A6}.Release|Any CPU.Build.0 = Release|Any CPU
		{2D64BCD3-E59C-4676-93D1-E10750865ACF}.Debug|Any CPU.ActiveCfg = Debug|Any CPU
		{2D64BCD3-E59C-4676-93D1-E10750865ACF}.Debug|Any CPU.Build.0 = Debug|Any CPU
		{2D64BCD3-E59C-4676-93D1-E10750865ACF}.Release|Any CPU.ActiveCfg = Release|Any CPU
		{2D64BCD3-E59C-4676-93D1-E10750865ACF}.Release|Any CPU.Build.0 = Release|Any CPU
		{085269C3-6AA4-4EA3-BCDE-533AA10A4E20}.Debug|Any CPU.ActiveCfg = Debug|Any CPU
		{085269C3-6AA4-4EA3-BCDE-533AA10A4E20}.Debug|Any CPU.Build.0 = Debug|Any CPU
		{085269C3-6AA4-4EA3-BCDE-533AA10A4E20}.Release|Any CPU.ActiveCfg = Release|Any CPU
		{085269C3-6AA4-4EA3-BCDE-533AA10A4E20}.Release|Any CPU.Build.0 = Release|Any CPU
	EndGlobalSection
	GlobalSection(SolutionProperties) = preSolution
		HideSolutionNode = FALSE
	EndGlobalSection
	GlobalSection(ExtensibilityGlobals) = postSolution
		SolutionGuid = {37613B85-C6A7-4CE9-A338-8851C587F7E6}
	EndGlobalSection
EndGlobal
